# @generated by Move, please check-in and do not edit manually.

[move]
version = 3
manifest_digest = "AEEB8DCC0FDDE494EAD9AE7C8FFDCB829E21375F8CAD856261A296903675763C"
deps_digest = "F8BBB0CCB2491CA29A3DF03D6F92277A4F3574266507ACD77214D37ECA3F3082"
dependencies = [
  { id = "Sui", name = "Sui" },
]

[[move.package]]
id = "MoveStdlib"
source = { git = "https://github.com/MystenLabs/sui.git", rev = "mainnet-v1.38.4", subdir = "crates/sui-framework/packages/move-stdlib" }

[[move.package]]
id = "Sui"
source = { git = "https://github.com/MystenLabs/sui.git", rev = "mainnet-v1.38.4", subdir = "crates/sui-framework/packages/sui-framework" }

dependencies = [
  { id = "MoveStdlib", name = "MoveStdlib" },
]

[move.toolchain-version]
compiler-version = "1.52.1"
edition = "2024.beta"
flavor = "sui"

[env]

[env.mainnet]
chain-id = "35834a8a"
original-published-id = "0x136d3f735b8d7c630af8e2d3155942f6247a51203f1c7ba9f8dabdd1f7116fb4"
latest-published-id = "0x136d3f735b8d7c630af8e2d3155942f6247a51203f1c7ba9f8dabdd1f7116fb4"
published-version = "1"
